github.com/andersfylling/disgordws v0.1.0 h1:nj9fI4P2mw61yM9RzJ9ak4Izwv4Uw5GNUDqUZCqcFjI=
github.com/andersfylling/disgordws v0.1.0/go.mod h1:MKYtSs3Cb605LgoQ2m5meMtQFtefKEJ6HH1bQC29+FU=
github.com/andersfylling/snowflake v1.2.0 h1:PglrfC7f+cIfeMojginSXIAJKDarGiHYLeX7YtVSjTY=
github.com/andersfylling/snowflake v1.2.0/go.mod h1:RvWxgY0S/Bu45L9TxHAeXlZuDi0zizrYzAb3l447UNI=
github.com/gorilla/websocket v1.3.0 h1:r/LXc0VJIMd0rCMsc6DxgczaQtoCwCLatnfXmSYcXx8=
github.com/gorilla/websocket v1.3.0/go.mod h1:E7qHFY5m1UJ88s3WnNqhKjPHQ0heANvMoAMk2YaljkQ=
github.com/json-iterator/go v1.1.5 h1:gL2yXlmiIo4+t+y32d4WGwOjKGYcGOuyrg46vadswDE=
github.com/json-iterator/go v1.1.5/go.mod h1:+SdeFBvtyEkXs7REEP0seUULqWtbJapLOCVDaaPEHmU=
github.com/modern-go/concurrent v0.0.0-20180306012644-bacd9c7ef1dd h1:TRLaZ9cD/w8PVh93nsPXa1VrQ6jlwL5oN8l14QlcNfg=
github.com/modern-go/concurrent v0.0.0-20180306012644-bacd9c7ef1dd/go.mod h1:6dJC0mAP4ikYIbvyc7fijjWJddQyLn8Ig3JB5CqoB9Q=
github.com/modern-go/reflect2 v1.0.1 h1:9f412s+6RmYXLWZSEzVVgPGK7C2PphHj5RJrvfx9AWI=
github.com/modern-go/reflect2 v1.0.1/go.mod h1:bx2lNnkwVCuqBIxFjflWJWanXIb3RllmbCylyMrvgv0=
github.com/sergi/go-diff v1.0.0 h1:Kpca3qRNrduNnOQeazBd0ysaKrUJiIuISHxogkT9RPQ=
github.com/sergi/go-diff v1.0.0/go.mod h1:0CfEIISq7TuYL3j771MWULgwwjU+GofnZX9QAmXWZgo=
github.com/sirupsen/logrus v1.0.6 h1:hcP1GmhGigz/O7h1WVUM5KklBp1JoNS9FggWKdj/j3s=
github.com/sirupsen/logrus v1.0.6/go.mod h1:pMByvHTf9Beacp5x1UXfOR9xyW/9antXMhjMPG0dEzc=
golang.org/x/crypto v0.0.0-20180830192347-182538f80094 h1:rVTAlhYa4+lCfNxmAIEOGQRoD23UqP72M3+rSWVGDTg=
golang.org/x/crypto v0.0.0-20180830192347-182538f80094/go.mod h1:6SG95UA2DQfeDnfUPMdvaQW0Q7yPrPDi9nlGo2tz2b4=
golang.org/x/sys v0.0.0-20180831094639-fa5fdf94c789 h1:T8D7l6WB3tLu+VpKvw06ieD/OhBi1XpJmG1U/FtttZg=
golang.org/x/sys v0.0.0-20180831094639-fa5fdf94c789/go.mod h1:STP8DvDyc/dI5b8T5hshtkjS+E42TnysNCUPdjciGhY=
